
Microsoft Visual Studio Solution File, Format Version 12.00
# Visual Studio 2012
Project("{FAE04EC0-301F-11D3-BF4B-00C04F79EFBC}") = "stringReverse", "stringReverse\stringReverse.csproj", "{319EFFA5-D4A0-4089-A59F-2A7654DF0FD9}"
EndProject
Project("{2150E333-8FDC-42A3-9474-1A3956D46DE8}") = "Solution Items", "Solution Items", "{94D1AD4B-B1BA-40F0-A249-F13F55C6FE76}"
	ProjectSection(SolutionItems) = preProject
		Aufgabenliste.txt = Aufgabenliste.txt
	EndProjectSection
EndProject
Project("{FAE04EC0-301F-11D3-BF4B-00C04F79EFBC}") = "countVowels", "countVowels\countVowels.csproj", "{918416C7-C822-4A7C-BE35-8DB137A231DB}"
EndProject
Project("{FAE04EC0-301F-11D3-BF4B-00C04F79EFBC}") = "fibonacci", "fibonacci\fibonacci.csproj", "{D7DD5CC6-5CF6-4238-9CE6-B24455824295}"
EndProject
Project("{FAE04EC0-301F-11D3-BF4B-00C04F79EFBC}") = "factorial", "factorial\factorial.csproj", "{575FD118-7AD3-49F1-9FDD-4ABD2A79EBFB}"
EndProject
Project("{FAE04EC0-301F-11D3-BF4B-00C04F79EFBC}") = "palindrome", "palindrome\palindrome.csproj", "{0058868A-17D6-4C0B-8501-B63C54F6B7E7}"
EndProject
Project("{FAE04EC0-301F-11D3-BF4B-00C04F79EFBC}") = "product inventory", "product inventory\product inventory.csproj", "{F35E8F0A-ADBC-485F-9E61-4742CEEFAA0E}"
EndProject
Project("{FAE04EC0-301F-11D3-BF4B-00C04F79EFBC}") = "graph from links", "graph from links\graph from links.csproj", "{C1AE29F2-5E65-438A-A6F4-56029B6E3855}"
EndProject
Project("{FAE04EC0-301F-11D3-BF4B-00C04F79EFBC}") = "countWords", "countWords\countWords.csproj", "{80293548-6ABA-4D63-8114-AC4E90A8C83F}"
EndProject
Project("{FAE04EC0-301F-11D3-BF4B-00C04F79EFBC}") = "nextPrime", "nextPrime\nextPrime.csproj", "{499B37D8-F5C0-4ED7-AAD9-DD67A780801D}"
EndProject
Project("{FAE04EC0-301F-11D3-BF4B-00C04F79EFBC}") = "specificPrime", "specificPrime\specificPrime.csproj", "{A06215CC-F4D1-4BD6-A2F2-87B6AC0502B5}"
EndProject
Global
	GlobalSection(SolutionConfigurationPlatforms) = preSolution
		Debug|Any CPU = Debug|Any CPU
		Release|Any CPU = Release|Any CPU
	EndGlobalSection
	GlobalSection(ProjectConfigurationPlatforms) = postSolution
		{319EFFA5-D4A0-4089-A59F-2A7654DF0FD9}.Debug|Any CPU.ActiveCfg = Debug|Any CPU
		{319EFFA5-D4A0-4089-A59F-2A7654DF0FD9}.Debug|Any CPU.Build.0 = Debug|Any CPU
		{319EFFA5-D4A0-4089-A59F-2A7654DF0FD9}.Release|Any CPU.ActiveCfg = Release|Any CPU
		{319EFFA5-D4A0-4089-A59F-2A7654DF0FD9}.Release|Any CPU.Build.0 = Release|Any CPU
		{918416C7-C822-4A7C-BE35-8DB137A231DB}.Debug|Any CPU.ActiveCfg = Debug|Any CPU
		{918416C7-C822-4A7C-BE35-8DB137A231DB}.Debug|Any CPU.Build.0 = Debug|Any CPU
		{918416C7-C822-4A7C-BE35-8DB137A231DB}.Release|Any CPU.ActiveCfg = Release|Any CPU
		{918416C7-C822-4A7C-BE35-8DB137A231DB}.Release|Any CPU.Build.0 = Release|Any CPU
		{D7DD5CC6-5CF6-4238-9CE6-B24455824295}.Debug|Any CPU.ActiveCfg = Debug|Any CPU
		{D7DD5CC6-5CF6-4238-9CE6-B24455824295}.Debug|Any CPU.Build.0 = Debug|Any CPU
		{D7DD5CC6-5CF6-4238-9CE6-B24455824295}.Release|Any CPU.ActiveCfg = Release|Any CPU
		{D7DD5CC6-5CF6-4238-9CE6-B24455824295}.Release|Any CPU.Build.0 = Release|Any CPU
		{575FD118-7AD3-49F1-9FDD-4ABD2A79EBFB}.Debug|Any CPU.ActiveCfg = Debug|Any CPU
		{575FD118-7AD3-49F1-9FDD-4ABD2A79EBFB}.Debug|Any CPU.Build.0 = Debug|Any CPU
		{575FD118-7AD3-49F1-9FDD-4ABD2A79EBFB}.Release|Any CPU.ActiveCfg = Release|Any CPU
		{575FD118-7AD3-49F1-9FDD-4ABD2A79EBFB}.Release|Any CPU.Build.0 = Release|Any CPU
		{0058868A-17D6-4C0B-8501-B63C54F6B7E7}.Debug|Any CPU.ActiveCfg = Debug|Any CPU
		{0058868A-17D6-4C0B-8501-B63C54F6B7E7}.Debug|Any CPU.Build.0 = Debug|Any CPU
		{0058868A-17D6-4C0B-8501-B63C54F6B7E7}.Release|Any CPU.ActiveCfg = Release|Any CPU
		{0058868A-17D6-4C0B-8501-B63C54F6B7E7}.Release|Any CPU.Build.0 = Release|Any CPU
		{F35E8F0A-ADBC-485F-9E61-4742CEEFAA0E}.Debug|Any CPU.ActiveCfg = Debug|Any CPU
		{F35E8F0A-ADBC-485F-9E61-4742CEEFAA0E}.Debug|Any CPU.Build.0 = Debug|Any CPU
		{F35E8F0A-ADBC-485F-9E61-4742CEEFAA0E}.Release|Any CPU.ActiveCfg = Release|Any CPU
		{F35E8F0A-ADBC-485F-9E61-4742CEEFAA0E}.Release|Any CPU.Build.0 = Release|Any CPU
		{C1AE29F2-5E65-438A-A6F4-56029B6E3855}.Debug|Any CPU.ActiveCfg = Debug|Any CPU
		{C1AE29F2-5E65-438A-A6F4-56029B6E3855}.Debug|Any CPU.Build.0 = Debug|Any CPU
		{C1AE29F2-5E65-438A-A6F4-56029B6E3855}.Release|Any CPU.ActiveCfg = Release|Any CPU
		{C1AE29F2-5E65-438A-A6F4-56029B6E3855}.Release|Any CPU.Build.0 = Release|Any CPU
		{80293548-6ABA-4D63-8114-AC4E90A8C83F}.Debug|Any CPU.ActiveCfg = Debug|Any CPU
		{80293548-6ABA-4D63-8114-AC4E90A8C83F}.Debug|Any CPU.Build.0 = Debug|Any CPU
		{80293548-6ABA-4D63-8114-AC4E90A8C83F}.Release|Any CPU.ActiveCfg = Release|Any CPU
		{80293548-6ABA-4D63-8114-AC4E90A8C83F}.Release|Any CPU.Build.0 = Release|Any CPU
		{499B37D8-F5C0-4ED7-AAD9-DD67A780801D}.Debug|Any CPU.ActiveCfg = Debug|Any CPU
		{499B37D8-F5C0-4ED7-AAD9-DD67A780801D}.Debug|Any CPU.Build.0 = Debug|Any CPU
		{499B37D8-F5C0-4ED7-AAD9-DD67A780801D}.Release|Any CPU.ActiveCfg = Release|Any CPU
		{499B37D8-F5C0-4ED7-AAD9-DD67A780801D}.Release|Any CPU.Build.0 = Release|Any CPU
		{A06215CC-F4D1-4BD6-A2F2-87B6AC0502B5}.Debug|Any CPU.ActiveCfg = Debug|Any CPU
		{A06215CC-F4D1-4BD6-A2F2-87B6AC0502B5}.Debug|Any CPU.Build.0 = Debug|Any CPU
		{A06215CC-F4D1-4BD6-A2F2-87B6AC0502B5}.Release|Any CPU.ActiveCfg = Release|Any CPU
		{A06215CC-F4D1-4BD6-A2F2-87B6AC0502B5}.Release|Any CPU.Build.0 = Release|Any CPU
	EndGlobalSection
	GlobalSection(SolutionProperties) = preSolution
		HideSolutionNode = FALSE
	EndGlobalSection
EndGlobal
